{
  "version": 1,
  "dependencies": {
    ".NETFramework,Version=v4.7.2": {
      "JetBrains.Annotations": {
        "type": "Direct",
        "requested": "[2026.2.0, )",
        "resolved": "2026.2.0",
        "contentHash": "drvAEaI7Xf4wU6dx4UTB9MoZWXZlraaQ0qoeThPQ411FxNhId7QdUTukIC9I8aUHP0ycAaGwZNKqSvfOZQvUlg=="
      },
      "mustache-sharp": {
        "type": "Direct",
        "requested": "[1.0.0, )",
        "resolved": "1.0.0",
        "contentHash": "+RTxWGLH5p0ibl7XDbb8pOznAdqwxH3zic40eL1gq5xl8jZt3CFc04KSLLFWM3PgvlTzfbzDJfjzF7rCglqGAA=="
      },
      "Plugins": {
        "type": "Direct",
        "requested": "[0.0.0-beta.8, )",
        "resolved": "0.0.0-beta.8",
        "contentHash": "bxfCv5c1lP+8EOO6ytoF+ZfqbYzbhBHtOmwbXRepWfh9hq8k+wHGs37xfVcZ2mIJqqHjHjt0etAqtqFl30qlsQ=="
      },
      "taglib": {
        "type": "Direct",
        "requested": "[2.1.0, )",
        "resolved": "2.1.0",
        "contentHash": "PuBT0KO/RJqxVKcM4tE0GDQIOA3584d2pHaLLh+X7tBz9MzFn9/mrVYaA63M+n7ED2dBXVtJBoogGnSxaqE7vg=="
      },
      "WinampNowPlayingToFile.Abstractions": {
        "type": "Direct",
        "requested": "[0.1.0, )",
        "resolved": "0.1.0",
        "contentHash": "N7G043dS0I0Es3ISSVxAh8l9ltZ2ImIgjVXrBOBXiCGOd+VB5MzwMFTkHQEsRFcby87sj6eRMI//bEEPfETJTQ=="
      }
    },
    ".NETFramework,Version=v4.7.2/win": {},
    ".NETFramework,Version=v4.7.2/win-x64": {},
    ".NETFramework,Version=v4.7.2/win-x86": {}
  }
}