{
  "version": 1,
  "dependencies": {
    ".NETFramework,Version=v4.7.2": {
      "JetBrains.Annotations": {
        "type": "Direct",
        "requested": "[2025.2.4, )",
        "resolved": "2025.2.4",
        "contentHash": "TwbgxAkXxY+vNEhNVx/QXjJ4vqxmepOjsgRvvImQPbHkHMMb4W+ahL3laMsxXKtNT7iMy+E1B3xkqao2hf1n3A=="
      },
      "mustache-sharp": {
        "type": "Direct",
        "requested": "[1.0.0, )",
        "resolved": "1.0.0",
        "contentHash": "+RTxWGLH5p0ibl7XDbb8pOznAdqwxH3zic40eL1gq5xl8jZt3CFc04KSLLFWM3PgvlTzfbzDJfjzF7rCglqGAA=="
      },
      "Plugins": {
        "type": "Direct",
        "requested": "[0.0.0-beta.8, )",
        "resolved": "0.0.0-beta.8",
        "contentHash": "bxfCv5c1lP+8EOO6ytoF+ZfqbYzbhBHtOmwbXRepWfh9hq8k+wHGs37xfVcZ2mIJqqHjHjt0etAqtqFl30qlsQ=="
      },
      "taglib": {
        "type": "Direct",
        "requested": "[2.1.0, )",
        "resolved": "2.1.0",
        "contentHash": "PuBT0KO/RJqxVKcM4tE0GDQIOA3584d2pHaLLh+X7tBz9MzFn9/mrVYaA63M+n7ED2dBXVtJBoogGnSxaqE7vg=="
      },
      "WinampNowPlayingToFile.Abstractions": {
        "type": "Direct",
        "requested": "[0.0.1, )",
        "resolved": "0.0.1",
        "contentHash": "VBzoCGE+b4ET40t+xEJx83vsO1h3RKkzA9U0r0xZiLroqNP7xPcqTAeexwqSml1nA8cd0Dr8ih7Ux/hqABGS6g=="
      }
    },
    ".NETFramework,Version=v4.7.2/win": {},
    ".NETFramework,Version=v4.7.2/win-x64": {},
    ".NETFramework,Version=v4.7.2/win-x86": {}
  }
}